
Microsoft Visual Studio Solution File, Format Version 12.00
# Visual Studio Version 16
VisualStudioVersion = 16.0.32407.337
MinimumVisualStudioVersion = 10.0.40219.1
Project("{9A19103F-16F7-4668-BE54-9A1E7A4F7556}") = "BİLGİ_YARISMASI", "BİLGİ_YARISMASI\BİLGİ_YARISMASI.csproj", "{E22B7449-0EE4-4561-AECF-A09A7BF52BE1}"
EndProject
Project("{2150E333-8FDC-42A3-9474-1A3956D46DE8}") = "Solution Items", "Solution Items", "{23FAAD1E-92FE-495C-84C4-BFC4A9B5DF73}"
	ProjectSection(SolutionItems) = preProject
		.editorconfig = .editorconfig
	EndProjectSection
EndProject
Global
	GlobalSection(SolutionConfigurationPlatforms) = preSolution
		Debug|Any CPU = Debug|Any CPU
		Release|Any CPU = Release|Any CPU
	EndGlobalSection
	GlobalSection(ProjectConfigurationPlatforms) = postSolution
		{E22B7449-0EE4-4561-AECF-A09A7BF52BE1}.Debug|Any CPU.ActiveCfg = Debug|Any CPU
		{E22B7449-0EE4-4561-AECF-A09A7BF52BE1}.Debug|Any CPU.Build.0 = Debug|Any CPU
		{E22B7449-0EE4-4561-AECF-A09A7BF52BE1}.Release|Any CPU.ActiveCfg = Release|Any CPU
		{E22B7449-0EE4-4561-AECF-A09A7BF52BE1}.Release|Any CPU.Build.0 = Release|Any CPU
	EndGlobalSection
	GlobalSection(SolutionProperties) = preSolution
		HideSolutionNode = FALSE
	EndGlobalSection
	GlobalSection(ExtensibilityGlobals) = postSolution
		SolutionGuid = {18B79B06-64C7-44C4-AF6B-4CDE32D4523F}
	EndGlobalSection
EndGlobal
